// !$*UTF8*$!
{
	archiveVersion = 1;
	classes = {
	};
	objectVersion = 56;
	objects = {

/* Begin PBXBuildFile section */
		0434B5E72BB988CC00326F15 /* WriteGPTApp.swift in Sources */ = {isa = PBXBuildFile; fileRef = 0434B5E62BB988CC00326F15 /* WriteGPTApp.swift */; };
		0434B5E92BB988CC00326F15 /* ContentView.swift in Sources */ = {isa = PBXBuildFile; fileRef = 0434B5E82BB988CC00326F15 /* ContentView.swift */; };
		0434B5EB2BB988CD00326F15 /* Assets.xcassets in Resources */ = {isa = PBXBuildFile; fileRef = 0434B5EA2BB988CD00326F15 /* Assets.xcassets */; };
		0434B5EE2BB988CD00326F15 /* Preview Assets.xcassets in Resources */ = {isa = PBXBuildFile; fileRef = 0434B5ED2BB988CD00326F15 /* Preview Assets.xcassets */; };
		0434B5FD2BB9919900326F15 /* OpenAI in Frameworks */ = {isa = PBXBuildFile; productRef = 0434B5FC2BB9919900326F15 /* OpenAI */; };
		04FB17C42BBDB7090056498F /* KeyboardShortcuts in Frameworks */ = {isa = PBXBuildFile; productRef = 04FB17C32BBDB7090056498F /* KeyboardShortcuts */; };
		04FB17C62BBDB7240056498F /* Constants.swift in Sources */ = {isa = PBXBuildFile; fileRef = 04FB17C52BBDB7240056498F /* Constants.swift */; };
		04FB17C82BBDB77B0056498F /* SettingsScreen.swift in Sources */ = {isa = PBXBuildFile; fileRef = 04FB17C72BBDB77B0056498F /* SettingsScreen.swift */; };
/* End PBXBuildFile section */

/* Begin PBXFileReference section */
		0434B5E32BB988CC00326F15 /* WriteGPT.app */ = {isa = PBXFileReference; explicitFileType = wrapper.application; includeInIndex = 0; path = WriteGPT.app; sourceTree = BUILT_PRODUCTS_DIR; };
		0434B5E62BB988CC00326F15 /* WriteGPTApp.swift */ = {isa = PBXFileReference; lastKnownFileType = sourcecode.swift; path = WriteGPTApp.swift; sourceTree = "<group>"; };
		0434B5E82BB988CC00326F15 /* ContentView.swift */ = {isa = PBXFileReference; lastKnownFileType = sourcecode.swift; path = ContentView.swift; sourceTree = "<group>"; };
		0434B5EA2BB988CD00326F15 /* Assets.xcassets */ = {isa = PBXFileReference; lastKnownFileType = folder.assetcatalog; path = Assets.xcassets; sourceTree = "<group>"; };
		0434B5ED2BB988CD00326F15 /* Preview Assets.xcassets */ = {isa = PBXFileReference; lastKnownFileType = folder.assetcatalog; path = "Preview Assets.xcassets"; sourceTree = "<group>"; };
		0434B5EF2BB988CD00326F15 /* WriteGPT.entitlements */ = {isa = PBXFileReference; lastKnownFileType = text.plist.entitlements; path = WriteGPT.entitlements; sourceTree = "<group>"; };
		04FB17C12BB99F560056498F /* Info.plist */ = {isa = PBXFileReference; lastKnownFileType = text.plist; path = Info.plist; sourceTree = "<group>"; };
		04FB17C52BBDB7240056498F /* Constants.swift */ = {isa = PBXFileReference; lastKnownFileType = sourcecode.swift; path = Constants.swift; sourceTree = "<group>"; };
		04FB17C72BBDB77B0056498F /* SettingsScreen.swift */ = {isa = PBXFileReference; lastKnownFileType = sourcecode.swift; path = SettingsScreen.swift; sourceTree = "<group>"; };
/* End PBXFileReference section */

/* Begin PBXFrameworksBuildPhase section */
		0434B5E02BB988CC00326F15 /* Frameworks */ = {
			isa = PBXFrameworksBuildPhase;
			buildActionMask = 2147483647;
			files = (
				0434B5FD2BB9919900326F15 /* OpenAI in Frameworks */,
				04FB17C42BBDB7090056498F /* KeyboardShortcuts in Frameworks */,
			);
			runOnlyForDeploymentPostprocessing = 0;
		};
/* End PBXFrameworksBuildPhase section */

/* Begin PBXGroup section */
		0434B5DA2BB988CC00326F15 = {
			isa = PBXGroup;
			children = (
				0434B5E52BB988CC00326F15 /* WriteGPT */,
				0434B5E42BB988CC00326F15 /* Products */,
			);
			sourceTree = "<group>";
		};
		0434B5E42BB988CC00326F15 /* Products */ = {
			isa = PBXGroup;
			children = (
				0434B5E32BB988CC00326F15 /* WriteGPT.app */,
			);
			name = Products;
			sourceTree = "<group>";
		};
		0434B5E52BB988CC00326F15 /* WriteGPT */ = {
			isa = PBXGroup;
			children = (
				04FB17C12BB99F560056498F /* Info.plist */,
				0434B5E62BB988CC00326F15 /* WriteGPTApp.swift */,
				04FB17C72BBDB77B0056498F /* SettingsScreen.swift */,
				0434B5E82BB988CC00326F15 /* ContentView.swift */,
				0434B5EA2BB988CD00326F15 /* Assets.xcassets */,
				0434B5EF2BB988CD00326F15 /* WriteGPT.entitlements */,
				0434B5EC2BB988CD00326F15 /* Preview Content */,
				04FB17C52BBDB7240056498F /* Constants.swift */,
			);
			path = WriteGPT;
			sourceTree = "<group>";
		};
		0434B5EC2BB988CD00326F15 /* Preview Content */ = {
			isa = PBXGroup;
			children = (
				0434B5ED2BB988CD00326F15 /* Preview Assets.xcassets */,
			);
			path = "Preview Content";
			sourceTree = "<group>";
		};
/* End PBXGroup section */

/* Begin PBXNativeTarget section */
		0434B5E22BB988CC00326F15 /* WriteGPT */ = {
			isa = PBXNativeTarget;
			buildConfigurationList = 0434B5F22BB988CD00326F15 /* Build configuration list for PBXNativeTarget "WriteGPT" */;
			buildPhases = (
				0434B5DF2BB988CC00326F15 /* Sources */,
				0434B5E02BB988CC00326F15 /* Frameworks */,
				0434B5E12BB988CC00326F15 /* Resources */,
			);
			buildRules = (
			);
			dependencies = (
			);
			name = WriteGPT;
			packageProductDependencies = (
				0434B5FC2BB9919900326F15 /* OpenAI */,
				04FB17C32BBDB7090056498F /* KeyboardShortcuts */,
			);
			productName = WriteGPT;
			productReference = 0434B5E32BB988CC00326F15 /* WriteGPT.app */;
			productType = "com.apple.product-type.application";
		};
/* End PBXNativeTarget section */

/* Begin PBXProject section */
		0434B5DB2BB988CC00326F15 /* Project object */ = {
			isa = PBXProject;
			attributes = {
				BuildIndependentTargetsInParallel = 1;
				LastSwiftUpdateCheck = 1530;
				LastUpgradeCheck = 1530;
				TargetAttributes = {
					0434B5E22BB988CC00326F15 = {
						CreatedOnToolsVersion = 15.3;
					};
				};
			};
			buildConfigurationList = 0434B5DE2BB988CC00326F15 /* Build configuration list for PBXProject "WriteGPT" */;
			compatibilityVersion = "Xcode 14.0";
			developmentRegion = en;
			hasScannedForEncodings = 0;
			knownRegions = (
				en,
				Base,
			);
			mainGroup = 0434B5DA2BB988CC00326F15;
			packageReferences = (
				0434B5FB2BB9919900326F15 /* XCRemoteSwiftPackageReference "OpenAI" */,
				04FB17C22BBDB7090056498F /* XCRemoteSwiftPackageReference "KeyboardShortcuts" */,
			);
			productRefGroup = 0434B5E42BB988CC00326F15 /* Products */;
			projectDirPath = "";
			projectRoot = "";
			targets = (
				0434B5E22BB988CC00326F15 /* WriteGPT */,
			);
		};
/* End PBXProject section */

/* Begin PBXResourcesBuildPhase section */
		0434B5E12BB988CC00326F15 /* Resources */ = {
			isa = PBXResourcesBuildPhase;
			buildActionMask = 2147483647;
			files = (
				0434B5EE2BB988CD00326F15 /* Preview Assets.xcassets in Resources */,
				0434B5EB2BB988CD00326F15 /* Assets.xcassets in Resources */,
			);
			runOnlyForDeploymentPostprocessing = 0;
		};
/* End PBXResourcesBuildPhase section */

/* Begin PBXSourcesBuildPhase section */
		0434B5DF2BB988CC00326F15 /* Sources */ = {
			isa = PBXSourcesBuildPhase;
			buildActionMask = 2147483647;
			files = (
				04FB17C82BBDB77B0056498F /* SettingsScreen.swift in Sources */,
				0434B5E92BB988CC00326F15 /* ContentView.swift in Sources */,
				0434B5E72BB988CC00326F15 /* WriteGPTApp.swift in Sources */,
				04FB17C62BBDB7240056498F /* Constants.swift in Sources */,
			);
			runOnlyForDeploymentPostprocessing = 0;
		};
/* End PBXSourcesBuildPhase section */

/* Begin XCBuildConfiguration section */
		0434B5F02BB988CD00326F15 /* Debug */ = {
			isa = XCBuildConfiguration;
			buildSettings = {
				ALWAYS_SEARCH_USER_PATHS = NO;
				ASSETCATALOG_COMPILER_GENERATE_SWIFT_ASSET_SYMBOL_EXTENSIONS = YES;
				CLANG_ANALYZER_NONNULL = YES;
				CLANG_ANALYZER_NUMBER_OBJECT_CONVERSION = YES_AGGRESSIVE;
				CLANG_CXX_LANGUAGE_STANDARD = "gnu++20";
				CLANG_ENABLE_MODULES = YES;
				CLANG_ENABLE_OBJC_ARC = YES;
				CLANG_ENABLE_OBJC_WEAK = YES;
				CLANG_WARN_BLOCK_CAPTURE_AUTORELEASING = YES;
				CLANG_WARN_BOOL_CONVERSION = YES;
				CLANG_WARN_COMMA = YES;
				CLANG_WARN_CONSTANT_CONVERSION = YES;
				CLANG_WARN_DEPRECATED_OBJC_IMPLEMENTATIONS = YES;
				CLANG_WARN_DIRECT_OBJC_ISA_USAGE = YES_ERROR;
				CLANG_WARN_DOCUMENTATION_COMMENTS = YES;
				CLANG_WARN_EMPTY_BODY = YES;
				CLANG_WARN_ENUM_CONVERSION = YES;
				CLANG_WARN_INFINITE_RECURSION = YES;
				CLANG_WARN_INT_CONVERSION = YES;
				CLANG_WARN_NON_LITERAL_NULL_CONVERSION = YES;
				CLANG_WARN_OBJC_IMPLICIT_RETAIN_SELF = YES;
				CLANG_WARN_OBJC_LITERAL_CONVERSION = YES;
				CLANG_WARN_OBJC_ROOT_CLASS = YES_ERROR;
				CLANG_WARN_QUOTED_INCLUDE_IN_FRAMEWORK_HEADER = YES;
				CLANG_WARN_RANGE_LOOP_ANALYSIS = YES;
				CLANG_WARN_STRICT_PROTOTYPES = YES;
				CLANG_WARN_SUSPICIOUS_MOVE = YES;
				CLANG_WARN_UNGUARDED_AVAILABILITY = YES_AGGRESSIVE;
				CLANG_WARN_UNREACHABLE_CODE = YES;
				CLANG_WARN__DUPLICATE_METHOD_MATCH = YES;
				COPY_PHASE_STRIP = NO;
				DEBUG_INFORMATION_FORMAT = dwarf;
				ENABLE_STRICT_OBJC_MSGSEND = YES;
				ENABLE_TESTABILITY = YES;
				ENABLE_USER_SCRIPT_SANDBOXING = YES;
				GCC_C_LANGUAGE_STANDARD = gnu17;
				GCC_DYNAMIC_NO_PIC = NO;
				GCC_NO_COMMON_BLOCKS = YES;
				GCC_OPTIMIZATION_LEVEL = 0;
				GCC_PREPROCESSOR_DEFINITIONS = (
					"DEBUG=1",
					"$(inherited)",
				);
				GCC_WARN_64_TO_32_BIT_CONVERSION = YES;
				GCC_WARN_ABOUT_RETURN_TYPE = YES_ERROR;
				GCC_WARN_UNDECLARED_SELECTOR = YES;
				GCC_WARN_UNINITIALIZED_AUTOS = YES_AGGRESSIVE;
				GCC_WARN_UNUSED_FUNCTION = YES;
				GCC_WARN_UNUSED_VARIABLE = YES;
				LOCALIZATION_PREFERS_STRING_CATALOGS = YES;
				MACOSX_DEPLOYMENT_TARGET = 14.1;
				MTL_ENABLE_DEBUG_INFO = INCLUDE_SOURCE;
				MTL_FAST_MATH = YES;
				ONLY_ACTIVE_ARCH = YES;
				SDKROOT = macosx;
				SWIFT_ACTIVE_COMPILATION_CONDITIONS = "DEBUG $(inherited)";
				SWIFT_OPTIMIZATION_LEVEL = "-Onone";
			};
			name = Debug;
		};
		0434B5F12BB988CD00326F15 /* Release */ = {
			isa = XCBuildConfiguration;
			buildSettings = {
				ALWAYS_SEARCH_USER_PATHS = NO;
				ASSETCATALOG_COMPILER_GENERATE_SWIFT_ASSET_SYMBOL_EXTENSIONS = YES;
				CLANG_ANALYZER_NONNULL = YES;
				CLANG_ANALYZER_NUMBER_OBJECT_CONVERSION = YES_AGGRESSIVE;
				CLANG_CXX_LANGUAGE_STANDARD = "gnu++20";
				CLANG_ENABLE_MODULES = YES;
				CLANG_ENABLE_OBJC_ARC = YES;
				CLANG_ENABLE_OBJC_WEAK = YES;
				CLANG_WARN_BLOCK_CAPTURE_AUTORELEASING = YES;
				CLANG_WARN_BOOL_CONVERSION = YES;
				CLANG_WARN_COMMA = YES;
				CLANG_WARN_CONSTANT_CONVERSION = YES;
				CLANG_WARN_DEPRECATED_OBJC_IMPLEMENTATIONS = YES;
				CLANG_WARN_DIRECT_OBJC_ISA_USAGE = YES_ERROR;
				CLANG_WARN_DOCUMENTATION_COMMENTS = YES;
				CLANG_WARN_EMPTY_BODY = YES;
				CLANG_WARN_ENUM_CONVERSION = YES;
				CLANG_WARN_INFINITE_RECURSION = YES;
				CLANG_WARN_INT_CONVERSION = YES;
				CLANG_WARN_NON_LITERAL_NULL_CONVERSION = YES;
				CLANG_WARN_OBJC_IMPLICIT_RETAIN_SELF = YES;
				CLANG_WARN_OBJC_LITERAL_CONVERSION = YES;
				CLANG_WARN_OBJC_ROOT_CLASS = YES_ERROR;
				CLANG_WARN_QUOTED_INCLUDE_IN_FRAMEWORK_HEADER = YES;
				CLANG_WARN_RANGE_LOOP_ANALYSIS = YES;
				CLANG_WARN_STRICT_PROTOTYPES = YES;
				CLANG_WARN_SUSPICIOUS_MOVE = YES;
				CLANG_WARN_UNGUARDED_AVAILABILITY = YES_AGGRESSIVE;
				CLANG_WARN_UNREACHABLE_CODE = YES;
				CLANG_WARN__DUPLICATE_METHOD_MATCH = YES;
				COPY_PHASE_STRIP = NO;
				DEBUG_INFORMATION_FORMAT = "dwarf-with-dsym";
				ENABLE_NS_ASSERTIONS = NO;
				ENABLE_STRICT_OBJC_MSGSEND = YES;
				ENABLE_USER_SCRIPT_SANDBOXING = YES;
				GCC_C_LANGUAGE_STANDARD = gnu17;
				GCC_NO_COMMON_BLOCKS = YES;
				GCC_WARN_64_TO_32_BIT_CONVERSION = YES;
				GCC_WARN_ABOUT_RETURN_TYPE = YES_ERROR;
				GCC_WARN_UNDECLARED_SELECTOR = YES;
				GCC_WARN_UNINITIALIZED_AUTOS = YES_AGGRESSIVE;
				GCC_WARN_UNUSED_FUNCTION = YES;
				GCC_WARN_UNUSED_VARIABLE = YES;
				LOCALIZATION_PREFERS_STRING_CATALOGS = YES;
				MACOSX_DEPLOYMENT_TARGET = 14.1;
				MTL_ENABLE_DEBUG_INFO = NO;
				MTL_FAST_MATH = YES;
				SDKROOT = macosx;
				SWIFT_COMPILATION_MODE = wholemodule;
			};
			name = Release;
		};
		0434B5F32BB988CD00326F15 /* Debug */ = {
			isa = XCBuildConfiguration;
			buildSettings = {
				ASSETCATALOG_COMPILER_APPICON_NAME = AppIcon;
				ASSETCATALOG_COMPILER_GLOBAL_ACCENT_COLOR_NAME = AccentColor;
				CODE_SIGN_ENTITLEMENTS = WriteGPT/WriteGPT.entitlements;
				CODE_SIGN_STYLE = Automatic;
				COMBINE_HIDPI_IMAGES = YES;
				CURRENT_PROJECT_VERSION = 1;
				DEVELOPMENT_ASSET_PATHS = "\"WriteGPT/Preview Content\"";
				DEVELOPMENT_TEAM = DYL4YKLM7A;
				ENABLE_HARDENED_RUNTIME = YES;
				ENABLE_PREVIEWS = YES;
				GENERATE_INFOPLIST_FILE = YES;
				INFOPLIST_FILE = WriteGPT/Info.plist;
				INFOPLIST_KEY_LSUIElement = YES;
				INFOPLIST_KEY_NSHumanReadableCopyright = "";
				LD_RUNPATH_SEARCH_PATHS = (
					"$(inherited)",
					"@executable_path/../Frameworks",
				);
				MARKETING_VERSION = 1.0;
				PRODUCT_BUNDLE_IDENTIFIER = WriteGPT.WriteGPT;
				PRODUCT_NAME = "$(TARGET_NAME)";
				SWIFT_EMIT_LOC_STRINGS = YES;
				SWIFT_VERSION = 5.0;
			};
			name = Debug;
		};
		0434B5F42BB988CD00326F15 /* Release */ = {
			isa = XCBuildConfiguration;
			buildSettings = {
				ASSETCATALOG_COMPILER_APPICON_NAME = AppIcon;
				ASSETCATALOG_COMPILER_GLOBAL_ACCENT_COLOR_NAME = AccentColor;
				CODE_SIGN_ENTITLEMENTS = WriteGPT/WriteGPT.entitlements;
				CODE_SIGN_STYLE = Automatic;
				COMBINE_HIDPI_IMAGES = YES;
				CURRENT_PROJECT_VERSION = 1;
				DEVELOPMENT_ASSET_PATHS = "\"WriteGPT/Preview Content\"";
				DEVELOPMENT_TEAM = DYL4YKLM7A;
				ENABLE_HARDENED_RUNTIME = YES;
				ENABLE_PREVIEWS = YES;
				GENERATE_INFOPLIST_FILE = YES;
				INFOPLIST_FILE = WriteGPT/Info.plist;
				INFOPLIST_KEY_LSUIElement = YES;
				INFOPLIST_KEY_NSHumanReadableCopyright = "";
				LD_RUNPATH_SEARCH_PATHS = (
					"$(inherited)",
					"@executable_path/../Frameworks",
				);
				MARKETING_VERSION = 1.0;
				PRODUCT_BUNDLE_IDENTIFIER = WriteGPT.WriteGPT;
				PRODUCT_NAME = "$(TARGET_NAME)";
				SWIFT_EMIT_LOC_STRINGS = YES;
				SWIFT_VERSION = 5.0;
			};
			name = Release;
		};
/* End XCBuildConfiguration section */

/* Begin XCConfigurationList section */
		0434B5DE2BB988CC00326F15 /* Build configuration list for PBXProject "WriteGPT" */ = {
			isa = XCConfigurationList;
			buildConfigurations = (
				0434B5F02BB988CD00326F15 /* Debug */,
				0434B5F12BB988CD00326F15 /* Release */,
			);
			defaultConfigurationIsVisible = 0;
			defaultConfigurationName = Release;
		};
		0434B5F22BB988CD00326F15 /* Build configuration list for PBXNativeTarget "WriteGPT" */ = {
			isa = XCConfigurationList;
			buildConfigurations = (
				0434B5F32BB988CD00326F15 /* Debug */,
				0434B5F42BB988CD00326F15 /* Release */,
			);
			defaultConfigurationIsVisible = 0;
			defaultConfigurationName = Release;
		};
/* End XCConfigurationList section */

/* Begin XCRemoteSwiftPackageReference section */
		0434B5FB2BB9919900326F15 /* XCRemoteSwiftPackageReference "OpenAI" */ = {
			isa = XCRemoteSwiftPackageReference;
			repositoryURL = "https://github.com/MacPaw/OpenAI.git";
			requirement = {
				kind = exactVersion;
				version = 0.2.6;
			};
		};
		04FB17C22BBDB7090056498F /* XCRemoteSwiftPackageReference "KeyboardShortcuts" */ = {
			isa = XCRemoteSwiftPackageReference;
			repositoryURL = "https://github.com/sindresorhus/KeyboardShortcuts";
			requirement = {
				kind = upToNextMinorVersion;
				minimumVersion = 2.0.0;
			};
		};
/* End XCRemoteSwiftPackageReference section */

/* Begin XCSwiftPackageProductDependency section */
		0434B5FC2BB9919900326F15 /* OpenAI */ = {
			isa = XCSwiftPackageProductDependency;
			package = 0434B5FB2BB9919900326F15 /* XCRemoteSwiftPackageReference "OpenAI" */;
			productName = OpenAI;
		};
		04FB17C32BBDB7090056498F /* KeyboardShortcuts */ = {
			isa = XCSwiftPackageProductDependency;
			package = 04FB17C22BBDB7090056498F /* XCRemoteSwiftPackageReference "KeyboardShortcuts" */;
			productName = KeyboardShortcuts;
		};
/* End XCSwiftPackageProductDependency section */
	};
	rootObject = 0434B5DB2BB988CC00326F15 /* Project object */;
}
